
Microsoft Visual Studio Solution File, Format Version 12.00
# Visual Studio Version 16
VisualStudioVersion = 16.0.30711.63
MinimumVisualStudioVersion = 10.0.40219.1
Project("{FAE04EC0-301F-11D3-BF4B-00C04F79EFBC}") = "HomeWork.Lesson1.Task1", "HomeWork.Lesson1.Task1\HomeWork.Lesson1.Task1.csproj", "{736D48B4-11F9-461B-9EEA-7D4C518A46C7}"
EndProject
Project("{FAE04EC0-301F-11D3-BF4B-00C04F79EFBC}") = "HomeWork.Lesson1.Task2", "HomeWork.Lesson1.Task2\HomeWork.Lesson1.Task2.csproj", "{2AF8844D-F502-4477-A8C3-0E5C3E61D404}"
EndProject
Project("{FAE04EC0-301F-11D3-BF4B-00C04F79EFBC}") = "HomeWork.Lesson1.Task3", "HomeWork.Lesson1.Task3\HomeWork.Lesson1.Task3.csproj", "{AB7FC610-06EE-48B8-98A2-89F2409BF538}"
EndProject
Project("{FAE04EC0-301F-11D3-BF4B-00C04F79EFBC}") = "HomeWork.Lesson1.Task4", "HomeWork.Lesson1.Task4\HomeWork.Lesson1.Task4.csproj", "{4461F6C2-03B5-49BB-A3CE-CBB332B93404}"
EndProject
Project("{FAE04EC0-301F-11D3-BF4B-00C04F79EFBC}") = "HomeWork.Lesson1.Task5", "HomeWork.Lesson1.Task5\HomeWork.Lesson1.Task5.csproj", "{7405EEC5-10E5-450A-8893-5C225213EAA8}"
EndProject
Project("{FAE04EC0-301F-11D3-BF4B-00C04F79EFBC}") = "HomeWork.Lesson1.Task6", "HomeWork.Lesson1.Task6\HomeWork.Lesson1.Task6.csproj", "{016C7984-D5E0-4F28-9EAF-CAE6813F70C0}"
EndProject
Project("{FAE04EC0-301F-11D3-BF4B-00C04F79EFBC}") = "HomeWork.Lesson2.Task1", "HomeWork.Lesson2.Task1\HomeWork.Lesson2.Task1.csproj", "{762B2706-C85A-418A-B56E-8E1059EAA8D6}"
EndProject
Project("{FAE04EC0-301F-11D3-BF4B-00C04F79EFBC}") = "HomeWork.Lesson2.Task2", "HomeWork.Lesson2.Task2\HomeWork.Lesson2.Task2.csproj", "{4FFE6925-5239-437D-A560-40F57138633B}"
EndProject
Project("{FAE04EC0-301F-11D3-BF4B-00C04F79EFBC}") = "HomeWork.Lesson2.Task3", "HomeWork.Lesson2.Task3\HomeWork.Lesson2.Task3.csproj", "{3DC0C694-3854-4EBF-A861-E3606A36EC10}"
EndProject
Project("{FAE04EC0-301F-11D3-BF4B-00C04F79EFBC}") = "HomeWork.Lesson2.Task4", "HomeWork.Lesson2.Task4\HomeWork.Lesson2.Task4.csproj", "{CE2B619C-71D4-444A-8B71-8EBE561853CE}"
EndProject
Project("{FAE04EC0-301F-11D3-BF4B-00C04F79EFBC}") = "HomeWork.Lesson2.Task5", "HomeWork.Lesson2.Task5\HomeWork.Lesson2.Task5.csproj", "{B895FCE4-DC1A-4A97-999E-3FC140B0DC78}"
EndProject
Project("{FAE04EC0-301F-11D3-BF4B-00C04F79EFBC}") = "HomeWork.Lesson2.Task6", "HomeWork.Lesson2.Task6\HomeWork.Lesson2.Task6.csproj", "{5F04EB20-3440-42CC-BB75-F9760BD5C874}"
EndProject
Project("{FAE04EC0-301F-11D3-BF4B-00C04F79EFBC}") = "HomeWork.Lesson2.Task7", "HomeWork.Lesson2.Task7\HomeWork.Lesson2.Task7.csproj", "{B4798F04-1CE6-47FC-BA64-CD9E25A4890B}"
EndProject
Project("{FAE04EC0-301F-11D3-BF4B-00C04F79EFBC}") = "HomeWork.Lesson3.Task1", "HomeWork.Lesson3.Task1\HomeWork.Lesson3.Task1.csproj", "{B2961CA0-DEA7-452F-B82B-AD3F9686D77D}"
EndProject
Project("{FAE04EC0-301F-11D3-BF4B-00C04F79EFBC}") = "HomeWork.Lesson3.Task2", "HomeWork.Lesson3.Task2\HomeWork.Lesson3.Task2.csproj", "{4A3F3AED-26F6-4BCC-B03D-65F3158BDCB5}"
EndProject
Project("{FAE04EC0-301F-11D3-BF4B-00C04F79EFBC}") = "HomeWork.Lesson3.Task3", "HomeWork.Lesson3.Task3\HomeWork.Lesson3.Task3.csproj", "{BBF7EFCA-0BB0-4FD5-8BAE-92213A728496}"
EndProject
Global
	GlobalSection(SolutionConfigurationPlatforms) = preSolution
		Debug|Any CPU = Debug|Any CPU
		Release|Any CPU = Release|Any CPU
	EndGlobalSection
	GlobalSection(ProjectConfigurationPlatforms) = postSolution
		{736D48B4-11F9-461B-9EEA-7D4C518A46C7}.Debug|Any CPU.ActiveCfg = Debug|Any CPU
		{736D48B4-11F9-461B-9EEA-7D4C518A46C7}.Debug|Any CPU.Build.0 = Debug|Any CPU
		{736D48B4-11F9-461B-9EEA-7D4C518A46C7}.Release|Any CPU.ActiveCfg = Release|Any CPU
		{736D48B4-11F9-461B-9EEA-7D4C518A46C7}.Release|Any CPU.Build.0 = Release|Any CPU
		{2AF8844D-F502-4477-A8C3-0E5C3E61D404}.Debug|Any CPU.ActiveCfg = Debug|Any CPU
		{2AF8844D-F502-4477-A8C3-0E5C3E61D404}.Debug|Any CPU.Build.0 = Debug|Any CPU
		{2AF8844D-F502-4477-A8C3-0E5C3E61D404}.Release|Any CPU.ActiveCfg = Release|Any CPU
		{2AF8844D-F502-4477-A8C3-0E5C3E61D404}.Release|Any CPU.Build.0 = Release|Any CPU
		{AB7FC610-06EE-48B8-98A2-89F2409BF538}.Debug|Any CPU.ActiveCfg = Debug|Any CPU
		{AB7FC610-06EE-48B8-98A2-89F2409BF538}.Debug|Any CPU.Build.0 = Debug|Any CPU
		{AB7FC610-06EE-48B8-98A2-89F2409BF538}.Release|Any CPU.ActiveCfg = Release|Any CPU
		{AB7FC610-06EE-48B8-98A2-89F2409BF538}.Release|Any CPU.Build.0 = Release|Any CPU
		{4461F6C2-03B5-49BB-A3CE-CBB332B93404}.Debug|Any CPU.ActiveCfg = Debug|Any CPU
		{4461F6C2-03B5-49BB-A3CE-CBB332B93404}.Debug|Any CPU.Build.0 = Debug|Any CPU
		{4461F6C2-03B5-49BB-A3CE-CBB332B93404}.Release|Any CPU.ActiveCfg = Release|Any CPU
		{4461F6C2-03B5-49BB-A3CE-CBB332B93404}.Release|Any CPU.Build.0 = Release|Any CPU
		{7405EEC5-10E5-450A-8893-5C225213EAA8}.Debug|Any CPU.ActiveCfg = Debug|Any CPU
		{7405EEC5-10E5-450A-8893-5C225213EAA8}.Debug|Any CPU.Build.0 = Debug|Any CPU
		{7405EEC5-10E5-450A-8893-5C225213EAA8}.Release|Any CPU.ActiveCfg = Release|Any CPU
		{7405EEC5-10E5-450A-8893-5C225213EAA8}.Release|Any CPU.Build.0 = Release|Any CPU
		{016C7984-D5E0-4F28-9EAF-CAE6813F70C0}.Debug|Any CPU.ActiveCfg = Debug|Any CPU
		{016C7984-D5E0-4F28-9EAF-CAE6813F70C0}.Debug|Any CPU.Build.0 = Debug|Any CPU
		{016C7984-D5E0-4F28-9EAF-CAE6813F70C0}.Release|Any CPU.ActiveCfg = Release|Any CPU
		{016C7984-D5E0-4F28-9EAF-CAE6813F70C0}.Release|Any CPU.Build.0 = Release|Any CPU
		{762B2706-C85A-418A-B56E-8E1059EAA8D6}.Debug|Any CPU.ActiveCfg = Debug|Any CPU
		{762B2706-C85A-418A-B56E-8E1059EAA8D6}.Debug|Any CPU.Build.0 = Debug|Any CPU
		{762B2706-C85A-418A-B56E-8E1059EAA8D6}.Release|Any CPU.ActiveCfg = Release|Any CPU
		{762B2706-C85A-418A-B56E-8E1059EAA8D6}.Release|Any CPU.Build.0 = Release|Any CPU
		{4FFE6925-5239-437D-A560-40F57138633B}.Debug|Any CPU.ActiveCfg = Debug|Any CPU
		{4FFE6925-5239-437D-A560-40F57138633B}.Debug|Any CPU.Build.0 = Debug|Any CPU
		{4FFE6925-5239-437D-A560-40F57138633B}.Release|Any CPU.ActiveCfg = Release|Any CPU
		{4FFE6925-5239-437D-A560-40F57138633B}.Release|Any CPU.Build.0 = Release|Any CPU
		{3DC0C694-3854-4EBF-A861-E3606A36EC10}.Debug|Any CPU.ActiveCfg = Debug|Any CPU
		{3DC0C694-3854-4EBF-A861-E3606A36EC10}.Debug|Any CPU.Build.0 = Debug|Any CPU
		{3DC0C694-3854-4EBF-A861-E3606A36EC10}.Release|Any CPU.ActiveCfg = Release|Any CPU
		{3DC0C694-3854-4EBF-A861-E3606A36EC10}.Release|Any CPU.Build.0 = Release|Any CPU
		{CE2B619C-71D4-444A-8B71-8EBE561853CE}.Debug|Any CPU.ActiveCfg = Debug|Any CPU
		{CE2B619C-71D4-444A-8B71-8EBE561853CE}.Debug|Any CPU.Build.0 = Debug|Any CPU
		{CE2B619C-71D4-444A-8B71-8EBE561853CE}.Release|Any CPU.ActiveCfg = Release|Any CPU
		{CE2B619C-71D4-444A-8B71-8EBE561853CE}.Release|Any CPU.Build.0 = Release|Any CPU
		{B895FCE4-DC1A-4A97-999E-3FC140B0DC78}.Debug|Any CPU.ActiveCfg = Debug|Any CPU
		{B895FCE4-DC1A-4A97-999E-3FC140B0DC78}.Debug|Any CPU.Build.0 = Debug|Any CPU
		{B895FCE4-DC1A-4A97-999E-3FC140B0DC78}.Release|Any CPU.ActiveCfg = Release|Any CPU
		{B895FCE4-DC1A-4A97-999E-3FC140B0DC78}.Release|Any CPU.Build.0 = Release|Any CPU
		{5F04EB20-3440-42CC-BB75-F9760BD5C874}.Debug|Any CPU.ActiveCfg = Debug|Any CPU
		{5F04EB20-3440-42CC-BB75-F9760BD5C874}.Debug|Any CPU.Build.0 = Debug|Any CPU
		{5F04EB20-3440-42CC-BB75-F9760BD5C874}.Release|Any CPU.ActiveCfg = Release|Any CPU
		{5F04EB20-3440-42CC-BB75-F9760BD5C874}.Release|Any CPU.Build.0 = Release|Any CPU
		{B4798F04-1CE6-47FC-BA64-CD9E25A4890B}.Debug|Any CPU.ActiveCfg = Debug|Any CPU
		{B4798F04-1CE6-47FC-BA64-CD9E25A4890B}.Debug|Any CPU.Build.0 = Debug|Any CPU
		{B4798F04-1CE6-47FC-BA64-CD9E25A4890B}.Release|Any CPU.ActiveCfg = Release|Any CPU
		{B4798F04-1CE6-47FC-BA64-CD9E25A4890B}.Release|Any CPU.Build.0 = Release|Any CPU
		{B2961CA0-DEA7-452F-B82B-AD3F9686D77D}.Debug|Any CPU.ActiveCfg = Debug|Any CPU
		{B2961CA0-DEA7-452F-B82B-AD3F9686D77D}.Debug|Any CPU.Build.0 = Debug|Any CPU
		{B2961CA0-DEA7-452F-B82B-AD3F9686D77D}.Release|Any CPU.ActiveCfg = Release|Any CPU
		{B2961CA0-DEA7-452F-B82B-AD3F9686D77D}.Release|Any CPU.Build.0 = Release|Any CPU
		{4A3F3AED-26F6-4BCC-B03D-65F3158BDCB5}.Debug|Any CPU.ActiveCfg = Debug|Any CPU
		{4A3F3AED-26F6-4BCC-B03D-65F3158BDCB5}.Debug|Any CPU.Build.0 = Debug|Any CPU
		{4A3F3AED-26F6-4BCC-B03D-65F3158BDCB5}.Release|Any CPU.ActiveCfg = Release|Any CPU
		{4A3F3AED-26F6-4BCC-B03D-65F3158BDCB5}.Release|Any CPU.Build.0 = Release|Any CPU
		{BBF7EFCA-0BB0-4FD5-8BAE-92213A728496}.Debug|Any CPU.ActiveCfg = Debug|Any CPU
		{BBF7EFCA-0BB0-4FD5-8BAE-92213A728496}.Debug|Any CPU.Build.0 = Debug|Any CPU
		{BBF7EFCA-0BB0-4FD5-8BAE-92213A728496}.Release|Any CPU.ActiveCfg = Release|Any CPU
		{BBF7EFCA-0BB0-4FD5-8BAE-92213A728496}.Release|Any CPU.Build.0 = Release|Any CPU
	EndGlobalSection
	GlobalSection(SolutionProperties) = preSolution
		HideSolutionNode = FALSE
	EndGlobalSection
	GlobalSection(ExtensibilityGlobals) = postSolution
		SolutionGuid = {3DE1A88D-6127-4FB7-A6F5-687707988D83}
	EndGlobalSection
EndGlobal
